
Microsoft Visual Studio Solution File, Format Version 12.00
# Visual Studio Version 17
VisualStudioVersion = 17.14.36408.4
MinimumVisualStudioVersion = 10.0.40219.1
Project("{FAE04EC0-301F-11D3-BF4B-00C04F79EFBC}") = "OnlineShoppingApi", "OnlineShoppingApi.csproj", "{06E5F5BE-5D78-40CE-854E-B6E58EDE89EE}"
EndProject
Project("{FAE04EC0-301F-11D3-BF4B-00C04F79EFBC}") = "ShoppingDAL", "..\ShoppingDAL\ShoppingDAL.csproj", "{84C34403-262C-41C1-8213-D69513052D8F}"
EndProject
Project("{FAE04EC0-301F-11D3-BF4B-00C04F79EFBC}") = "ShoppingBLL", "..\ShoppingBLL\ShoppingBLL.csproj", "{ACE3FC8D-2497-4A4A-AD0F-C2E5E45CE5D2}"
EndProject
Global
	GlobalSection(SolutionConfigurationPlatforms) = preSolution
		Debug|Any CPU = Debug|Any CPU
		Release|Any CPU = Release|Any CPU
	EndGlobalSection
	GlobalSection(ProjectConfigurationPlatforms) = postSolution
		{06E5F5BE-5D78-40CE-854E-B6E58EDE89EE}.Debug|Any CPU.ActiveCfg = Debug|Any CPU
		{06E5F5BE-5D78-40CE-854E-B6E58EDE89EE}.Debug|Any CPU.Build.0 = Debug|Any CPU
		{06E5F5BE-5D78-40CE-854E-B6E58EDE89EE}.Release|Any CPU.ActiveCfg = Release|Any CPU
		{06E5F5BE-5D78-40CE-854E-B6E58EDE89EE}.Release|Any CPU.Build.0 = Release|Any CPU
		{84C34403-262C-41C1-8213-D69513052D8F}.Debug|Any CPU.ActiveCfg = Debug|Any CPU
		{84C34403-262C-41C1-8213-D69513052D8F}.Debug|Any CPU.Build.0 = Debug|Any CPU
		{84C34403-262C-41C1-8213-D69513052D8F}.Release|Any CPU.ActiveCfg = Release|Any CPU
		{84C34403-262C-41C1-8213-D69513052D8F}.Release|Any CPU.Build.0 = Release|Any CPU
		{ACE3FC8D-2497-4A4A-AD0F-C2E5E45CE5D2}.Debug|Any CPU.ActiveCfg = Debug|Any CPU
		{ACE3FC8D-2497-4A4A-AD0F-C2E5E45CE5D2}.Debug|Any CPU.Build.0 = Debug|Any CPU
		{ACE3FC8D-2497-4A4A-AD0F-C2E5E45CE5D2}.Release|Any CPU.ActiveCfg = Release|Any CPU
		{ACE3FC8D-2497-4A4A-AD0F-C2E5E45CE5D2}.Release|Any CPU.Build.0 = Release|Any CPU
	EndGlobalSection
	GlobalSection(SolutionProperties) = preSolution
		HideSolutionNode = FALSE
	EndGlobalSection
	GlobalSection(ExtensibilityGlobals) = postSolution
		SolutionGuid = {F570176F-5E34-4CF5-B0E6-B5DCFDA9DF74}
	EndGlobalSection
EndGlobal
